
Microsoft Visual Studio Solution File, Format Version 12.00
# Visual Studio 2012
Project("{FAE04EC0-301F-11D3-BF4B-00C04F79EFBC}") = "ConsoleApplication1", "ConsoleApplication1\ConsoleApplication1.csproj", "{E2963D21-CC92-424D-8E64-E437AF9AAF22}"
EndProject
Project("{FAE04EC0-301F-11D3-BF4B-00C04F79EFBC}") = "UnitTests", "UnitTests\UnitTests.csproj", "{3280411B-6C81-4187-A38F-56B19A38E326}"
EndProject
Global
	GlobalSection(SolutionConfigurationPlatforms) = preSolution
		Debug|Any CPU = Debug|Any CPU
		Release|Any CPU = Release|Any CPU
	EndGlobalSection
	GlobalSection(ProjectConfigurationPlatforms) = postSolution
		{E2963D21-CC92-424D-8E64-E437AF9AAF22}.Debug|Any CPU.ActiveCfg = Debug|Any CPU
		{E2963D21-CC92-424D-8E64-E437AF9AAF22}.Debug|Any CPU.Build.0 = Debug|Any CPU
		{E2963D21-CC92-424D-8E64-E437AF9AAF22}.Release|Any CPU.ActiveCfg = Release|Any CPU
		{E2963D21-CC92-424D-8E64-E437AF9AAF22}.Release|Any CPU.Build.0 = Release|Any CPU
		{3280411B-6C81-4187-A38F-56B19A38E326}.Debug|Any CPU.ActiveCfg = Debug|Any CPU
		{3280411B-6C81-4187-A38F-56B19A38E326}.Debug|Any CPU.Build.0 = Debug|Any CPU
		{3280411B-6C81-4187-A38F-56B19A38E326}.Release|Any CPU.ActiveCfg = Release|Any CPU
		{3280411B-6C81-4187-A38F-56B19A38E326}.Release|Any CPU.Build.0 = Release|Any CPU
	EndGlobalSection
	GlobalSection(SolutionProperties) = preSolution
		HideSolutionNode = FALSE
	EndGlobalSection
EndGlobal
